
Microsoft Visual Studio Solution File, Format Version 12.00
# Visual Studio Version 16
VisualStudioVersion = 16.0.29709.97
MinimumVisualStudioVersion = 10.0.40219.1
Project("{FAE04EC0-301F-11D3-BF4B-00C04F79EFBC}") = "praktika3.2", "praktika3.2\praktika3.2.csproj", "{8409DBED-AA62-43EA-B1DE-B6FF4C23A404}"
EndProject
Global
	GlobalSection(SolutionConfigurationPlatforms) = preSolution
		Debug|Any CPU = Debug|Any CPU
		Release|Any CPU = Release|Any CPU
	EndGlobalSection
	GlobalSection(ProjectConfigurationPlatforms) = postSolution
		{8409DBED-AA62-43EA-B1DE-B6FF4C23A404}.Debug|Any CPU.ActiveCfg = Debug|Any CPU
		{8409DBED-AA62-43EA-B1DE-B6FF4C23A404}.Debug|Any CPU.Build.0 = Debug|Any CPU
		{8409DBED-AA62-43EA-B1DE-B6FF4C23A404}.Release|Any CPU.ActiveCfg = Release|Any CPU
		{8409DBED-AA62-43EA-B1DE-B6FF4C23A404}.Release|Any CPU.Build.0 = Release|Any CPU
	EndGlobalSection
	GlobalSection(SolutionProperties) = preSolution
		HideSolutionNode = FALSE
	EndGlobalSection
	GlobalSection(ExtensibilityGlobals) = postSolution
		SolutionGuid = {6CEB64B1-F205-4AC1-AC25-AB740AE90852}
	EndGlobalSection
EndGlobal
